// !$*UTF8*$!
{
	archiveVersion = 1;
	classes = {
	};
	objectVersion = 46;
	objects = {

/* Begin PBXBuildFile section */
		27F1DC5215E91132003B6087 /* UIKit.framework in Frameworks */ = {isa = PBXBuildFile; fileRef = 27F1DC5115E91132003B6087 /* UIKit.framework */; };
		27F1DC5415E91132003B6087 /* Foundation.framework in Frameworks */ = {isa = PBXBuildFile; fileRef = 27F1DC5315E91132003B6087 /* Foundation.framework */; };
		27F1DC5615E91132003B6087 /* CoreGraphics.framework in Frameworks */ = {isa = PBXBuildFile; fileRef = 27F1DC5515E91132003B6087 /* CoreGraphics.framework */; };
		27F1DC5C15E91133003B6087 /* InfoPlist.strings in Resources */ = {isa = PBXBuildFile; fileRef = 27F1DC5A15E91133003B6087 /* InfoPlist.strings */; };
		27F1DC5E15E91133003B6087 /* main.m in Sources */ = {isa = PBXBuildFile; fileRef = 27F1DC5D15E91133003B6087 /* main.m */; };
		27F1DC6215E91133003B6087 /* MMAppDelegate.m in Sources */ = {isa = PBXBuildFile; fileRef = 27F1DC6115E91133003B6087 /* MMAppDelegate.m */; };
		27F1DC6515E91133003B6087 /* MMMasterViewController.m in Sources */ = {isa = PBXBuildFile; fileRef = 27F1DC6415E91133003B6087 /* MMMasterViewController.m */; };
		27F1DC6815E91133003B6087 /* MMDetailViewController.m in Sources */ = {isa = PBXBuildFile; fileRef = 27F1DC6715E91133003B6087 /* MMDetailViewController.m */; };
		27F1DC6B15E91133003B6087 /* MMMasterViewController.xib in Resources */ = {isa = PBXBuildFile; fileRef = 27F1DC6915E91133003B6087 /* MMMasterViewController.xib */; };
		27F1DC6E15E91133003B6087 /* MMDetailViewController.xib in Resources */ = {isa = PBXBuildFile; fileRef = 27F1DC6C15E91133003B6087 /* MMDetailViewController.xib */; };
/* End PBXBuildFile section */

/* Begin PBXFileReference section */
		27F1DC4D15E91132003B6087 /* iContractor.app */ = {isa = PBXFileReference; explicitFileType = wrapper.application; includeInIndex = 0; path = iContractor.app; sourceTree = BUILT_PRODUCTS_DIR; };
		27F1DC5115E91132003B6087 /* UIKit.framework */ = {isa = PBXFileReference; lastKnownFileType = wrapper.framework; name = UIKit.framework; path = System/Library/Frameworks/UIKit.framework; sourceTree = SDKROOT; };
		27F1DC5315E91132003B6087 /* Foundation.framework */ = {isa = PBXFileReference; lastKnownFileType = wrapper.framework; name = Foundation.framework; path = System/Library/Frameworks/Foundation.framework; sourceTree = SDKROOT; };
		27F1DC5515E91132003B6087 /* CoreGraphics.framework */ = {isa = PBXFileReference; lastKnownFileType = wrapper.framework; name = CoreGraphics.framework; path = System/Library/Frameworks/CoreGraphics.framework; sourceTree = SDKROOT; };
		27F1DC5915E91132003B6087 /* iContractor-Info.plist */ = {isa = PBXFileReference; lastKnownFileType = text.plist.xml; path = "iContractor-Info.plist"; sourceTree = "<group>"; };
		27F1DC5B15E91133003B6087 /* en */ = {isa = PBXFileReference; lastKnownFileType = text.plist.strings; name = en; path = en.lproj/InfoPlist.strings; sourceTree = "<group>"; };
		27F1DC5D15E91133003B6087 /* main.m */ = {isa = PBXFileReference; lastKnownFileType = sourcecode.c.objc; path = main.m; sourceTree = "<group>"; };
		27F1DC5F15E91133003B6087 /* iContractor-Prefix.pch */ = {isa = PBXFileReference; lastKnownFileType = sourcecode.c.h; path = "iContractor-Prefix.pch"; sourceTree = "<group>"; };
		27F1DC6015E91133003B6087 /* MMAppDelegate.h */ = {isa = PBXFileReference; lastKnownFileType = sourcecode.c.h; path = MMAppDelegate.h; sourceTree = "<group>"; };
		27F1DC6115E91133003B6087 /* MMAppDelegate.m */ = {isa = PBXFileReference; lastKnownFileType = sourcecode.c.objc; path = MMAppDelegate.m; sourceTree = "<group>"; };
		27F1DC6315E91133003B6087 /* MMMasterViewController.h */ = {isa = PBXFileReference; lastKnownFileType = sourcecode.c.h; path = MMMasterViewController.h; sourceTree = "<group>"; };
		27F1DC6415E91133003B6087 /* MMMasterViewController.m */ = {isa = PBXFileReference; lastKnownFileType = sourcecode.c.objc; path = MMMasterViewController.m; sourceTree = "<group>"; };
		27F1DC6615E91133003B6087 /* MMDetailViewController.h */ = {isa = PBXFileReference; lastKnownFileType = sourcecode.c.h; path = MMDetailViewController.h; sourceTree = "<group>"; };
		27F1DC6715E91133003B6087 /* MMDetailViewController.m */ = {isa = PBXFileReference; lastKnownFileType = sourcecode.c.objc; path = MMDetailViewController.m; sourceTree = "<group>"; };
		27F1DC6A15E91133003B6087 /* en */ = {isa = PBXFileReference; lastKnownFileType = file.xib; name = en; path = en.lproj/MMMasterViewController.xib; sourceTree = "<group>"; };
		27F1DC6D15E91133003B6087 /* en */ = {isa = PBXFileReference; lastKnownFileType = file.xib; name = en; path = en.lproj/MMDetailViewController.xib; sourceTree = "<group>"; };
/* End PBXFileReference section */

/* Begin PBXFrameworksBuildPhase section */
		27F1DC4A15E91132003B6087 /* Frameworks */ = {
			isa = PBXFrameworksBuildPhase;
			buildActionMask = 2147483647;
			files = (
				27F1DC5215E91132003B6087 /* UIKit.framework in Frameworks */,
				27F1DC5415E91132003B6087 /* Foundation.framework in Frameworks */,
				27F1DC5615E91132003B6087 /* CoreGraphics.framework in Frameworks */,
			);
			runOnlyForDeploymentPostprocessing = 0;
		};
/* End PBXFrameworksBuildPhase section */

/* Begin PBXGroup section */
		27F1DC4215E91132003B6087 = {
			isa = PBXGroup;
			children = (
				27F1DC5715E91132003B6087 /* iContractor */,
				27F1DC5015E91132003B6087 /* Frameworks */,
				27F1DC4E15E91132003B6087 /* Products */,
			);
			sourceTree = "<group>";
		};
		27F1DC4E15E91132003B6087 /* Products */ = {
			isa = PBXGroup;
			children = (
				27F1DC4D15E91132003B6087 /* iContractor.app */,
			);
			name = Products;
			sourceTree = "<group>";
		};
		27F1DC5015E91132003B6087 /* Frameworks */ = {
			isa = PBXGroup;
			children = (
				27F1DC5115E91132003B6087 /* UIKit.framework */,
				27F1DC5315E91132003B6087 /* Foundation.framework */,
				27F1DC5515E91132003B6087 /* CoreGraphics.framework */,
			);
			name = Frameworks;
			sourceTree = "<group>";
		};
		27F1DC5715E91132003B6087 /* iContractor */ = {
			isa = PBXGroup;
			children = (
				27F1DC6015E91133003B6087 /* MMAppDelegate.h */,
				27F1DC6115E91133003B6087 /* MMAppDelegate.m */,
				27F1DC6315E91133003B6087 /* MMMasterViewController.h */,
				27F1DC6415E91133003B6087 /* MMMasterViewController.m */,
				27F1DC6615E91133003B6087 /* MMDetailViewController.h */,
				27F1DC6715E91133003B6087 /* MMDetailViewController.m */,
				27F1DC6915E91133003B6087 /* MMMasterViewController.xib */,
				27F1DC6C15E91133003B6087 /* MMDetailViewController.xib */,
				27F1DC5815E91132003B6087 /* Supporting Files */,
			);
			path = iContractor;
			sourceTree = "<group>";
		};
		27F1DC5815E91132003B6087 /* Supporting Files */ = {
			isa = PBXGroup;
			children = (
				27F1DC5915E91132003B6087 /* iContractor-Info.plist */,
				27F1DC5A15E91133003B6087 /* InfoPlist.strings */,
				27F1DC5D15E91133003B6087 /* main.m */,
				27F1DC5F15E91133003B6087 /* iContractor-Prefix.pch */,
			);
			name = "Supporting Files";
			sourceTree = "<group>";
		};
/* End PBXGroup section */

/* Begin PBXNativeTarget section */
		27F1DC4C15E91132003B6087 /* iContractor */ = {
			isa = PBXNativeTarget;
			buildConfigurationList = 27F1DC7115E91133003B6087 /* Build configuration list for PBXNativeTarget "iContractor" */;
			buildPhases = (
				27F1DC4915E91132003B6087 /* Sources */,
				27F1DC4A15E91132003B6087 /* Frameworks */,
				27F1DC4B15E91132003B6087 /* Resources */,
			);
			buildRules = (
			);
			dependencies = (
			);
			name = iContractor;
			productName = iContractor;
			productReference = 27F1DC4D15E91132003B6087 /* iContractor.app */;
			productType = "com.apple.product-type.application";
		};
/* End PBXNativeTarget section */

/* Begin PBXProject section */
		27F1DC4415E91132003B6087 /* Project object */ = {
			isa = PBXProject;
			attributes = {
				CLASSPREFIX = MM;
				LastUpgradeCheck = 0440;
				ORGANIZATIONNAME = "Michael McEvoy";
			};
			buildConfigurationList = 27F1DC4715E91132003B6087 /* Build configuration list for PBXProject "iContractor" */;
			compatibilityVersion = "Xcode 3.2";
			developmentRegion = English;
			hasScannedForEncodings = 0;
			knownRegions = (
				en,
			);
			mainGroup = 27F1DC4215E91132003B6087;
			productRefGroup = 27F1DC4E15E91132003B6087 /* Products */;
			projectDirPath = "";
			projectRoot = "";
			targets = (
				27F1DC4C15E91132003B6087 /* iContractor */,
			);
		};
/* End PBXProject section */

/* Begin PBXResourcesBuildPhase section */
		27F1DC4B15E91132003B6087 /* Resources */ = {
			isa = PBXResourcesBuildPhase;
			buildActionMask = 2147483647;
			files = (
				27F1DC5C15E91133003B6087 /* InfoPlist.strings in Resources */,
				27F1DC6B15E91133003B6087 /* MMMasterViewController.xib in Resources */,
				27F1DC6E15E91133003B6087 /* MMDetailViewController.xib in Resources */,
			);
			runOnlyForDeploymentPostprocessing = 0;
		};
/* End PBXResourcesBuildPhase section */

/* Begin PBXSourcesBuildPhase section */
		27F1DC4915E91132003B6087 /* Sources */ = {
			isa = PBXSourcesBuildPhase;
			buildActionMask = 2147483647;
			files = (
				27F1DC5E15E91133003B6087 /* main.m in Sources */,
				27F1DC6215E91133003B6087 /* MMAppDelegate.m in Sources */,
				27F1DC6515E91133003B6087 /* MMMasterViewController.m in Sources */,
				27F1DC6815E91133003B6087 /* MMDetailViewController.m in Sources */,
			);
			runOnlyForDeploymentPostprocessing = 0;
		};
/* End PBXSourcesBuildPhase section */

/* Begin PBXVariantGroup section */
		27F1DC5A15E91133003B6087 /* InfoPlist.strings */ = {
			isa = PBXVariantGroup;
			children = (
				27F1DC5B15E91133003B6087 /* en */,
			);
			name = InfoPlist.strings;
			sourceTree = "<group>";
		};
		27F1DC6915E91133003B6087 /* MMMasterViewController.xib */ = {
			isa = PBXVariantGroup;
			children = (
				27F1DC6A15E91133003B6087 /* en */,
			);
			name = MMMasterViewController.xib;
			sourceTree = "<group>";
		};
		27F1DC6C15E91133003B6087 /* MMDetailViewController.xib */ = {
			isa = PBXVariantGroup;
			children = (
				27F1DC6D15E91133003B6087 /* en */,
			);
			name = MMDetailViewController.xib;
			sourceTree = "<group>";
		};
/* End PBXVariantGroup section */

/* Begin XCBuildConfiguration section */
		27F1DC6F15E91133003B6087 /* Debug */ = {
			isa = XCBuildConfiguration;
			buildSettings = {
				ALWAYS_SEARCH_USER_PATHS = NO;
				ARCHS = "$(ARCHS_STANDARD_32_BIT)";
				CLANG_CXX_LANGUAGE_STANDARD = "gnu++0x";
				CLANG_ENABLE_OBJC_ARC = YES;
				CLANG_WARN__DUPLICATE_METHOD_MATCH = YES;
				"CODE_SIGN_IDENTITY[sdk=iphoneos*]" = "iPhone Developer";
				COPY_PHASE_STRIP = NO;
				GCC_C_LANGUAGE_STANDARD = gnu99;
				GCC_DYNAMIC_NO_PIC = NO;
				GCC_OPTIMIZATION_LEVEL = 0;
				GCC_PREPROCESSOR_DEFINITIONS = (
					"DEBUG=1",
					"$(inherited)",
				);
				GCC_SYMBOLS_PRIVATE_EXTERN = NO;
				GCC_VERSION = com.apple.compilers.llvm.clang.1_0;
				GCC_WARN_ABOUT_RETURN_TYPE = YES;
				GCC_WARN_UNINITIALIZED_AUTOS = YES;
				GCC_WARN_UNUSED_VARIABLE = YES;
				IPHONEOS_DEPLOYMENT_TARGET = 5.1;
				SDKROOT = iphoneos;
			};
			name = Debug;
		};
		27F1DC7015E91133003B6087 /* Release */ = {
			isa = XCBuildConfiguration;
			buildSettings = {
				ALWAYS_SEARCH_USER_PATHS = NO;
				ARCHS = "$(ARCHS_STANDARD_32_BIT)";
				CLANG_CXX_LANGUAGE_STANDARD = "gnu++0x";
				CLANG_ENABLE_OBJC_ARC = YES;
				CLANG_WARN__DUPLICATE_METHOD_MATCH = YES;
				"CODE_SIGN_IDENTITY[sdk=iphoneos*]" = "iPhone Developer";
				COPY_PHASE_STRIP = YES;
				GCC_C_LANGUAGE_STANDARD = gnu99;
				GCC_VERSION = com.apple.compilers.llvm.clang.1_0;
				GCC_WARN_ABOUT_RETURN_TYPE = YES;
				GCC_WARN_UNINITIALIZED_AUTOS = YES;
				GCC_WARN_UNUSED_VARIABLE = YES;
				IPHONEOS_DEPLOYMENT_TARGET = 5.1;
				OTHER_CFLAGS = "-DNS_BLOCK_ASSERTIONS=1";
				SDKROOT = iphoneos;
				VALIDATE_PRODUCT = YES;
			};
			name = Release;
		};
		27F1DC7215E91133003B6087 /* Debug */ = {
			isa = XCBuildConfiguration;
			buildSettings = {
				GCC_PRECOMPILE_PREFIX_HEADER = YES;
				GCC_PREFIX_HEADER = "iContractor/iContractor-Prefix.pch";
				INFOPLIST_FILE = "iContractor/iContractor-Info.plist";
				PRODUCT_NAME = "$(TARGET_NAME)";
				WRAPPER_EXTENSION = app;
			};
			name = Debug;
		};
		27F1DC7315E91133003B6087 /* Release */ = {
			isa = XCBuildConfiguration;
			buildSettings = {
				GCC_PRECOMPILE_PREFIX_HEADER = YES;
				GCC_PREFIX_HEADER = "iContractor/iContractor-Prefix.pch";
				INFOPLIST_FILE = "iContractor/iContractor-Info.plist";
				PRODUCT_NAME = "$(TARGET_NAME)";
				WRAPPER_EXTENSION = app;
			};
			name = Release;
		};
/* End XCBuildConfiguration section */

/* Begin XCConfigurationList section */
		27F1DC4715E91132003B6087 /* Build configuration list for PBXProject "iContractor" */ = {
			isa = XCConfigurationList;
			buildConfigurations = (
				27F1DC6F15E91133003B6087 /* Debug */,
				27F1DC7015E91133003B6087 /* Release */,
			);
			defaultConfigurationIsVisible = 0;
			defaultConfigurationName = Release;
		};
		27F1DC7115E91133003B6087 /* Build configuration list for PBXNativeTarget "iContractor" */ = {
			isa = XCConfigurationList;
			buildConfigurations = (
				27F1DC7215E91133003B6087 /* Debug */,
				27F1DC7315E91133003B6087 /* Release */,
			);
			defaultConfigurationIsVisible = 0;
		};
/* End XCConfigurationList section */
	};
	rootObject = 27F1DC4415E91132003B6087 /* Project object */;
}
