// !$*UTF8*$!
{
	archiveVersion = 1;
	classes = {
	};
	objectVersion = 46;
	objects = {

/* Begin PBXBuildFile section */
		2700E25315E9605700702AAB /* MMEditProjectViewController.m in Sources */ = {isa = PBXBuildFile; fileRef = 2700E25115E9605700702AAB /* MMEditProjectViewController.m */; };
		2700E25415E9605700702AAB /* MMEditProjectViewController.xib in Resources */ = {isa = PBXBuildFile; fileRef = 2700E25215E9605700702AAB /* MMEditProjectViewController.xib */; };
		2700E25915E9681A00702AAB /* MMSelectDateTimeViewController.m in Sources */ = {isa = PBXBuildFile; fileRef = 2700E25715E9681A00702AAB /* MMSelectDateTimeViewController.m */; };
		2700E25A15E9681A00702AAB /* MMSelectDateTimeViewController.xib in Resources */ = {isa = PBXBuildFile; fileRef = 2700E25815E9681A00702AAB /* MMSelectDateTimeViewController.xib */; };
		2700E25E15E9842700702AAB /* MMInvoice.m in Sources */ = {isa = PBXBuildFile; fileRef = 2700E25D15E9842700702AAB /* MMInvoice.m */; };
		2700E26015E9852900702AAB /* QuartzCore.framework in Frameworks */ = {isa = PBXBuildFile; fileRef = 2700E25F15E9852800702AAB /* QuartzCore.framework */; };
		271F46B515E913BF00C1E6DF /* MMClientsViewController.m in Sources */ = {isa = PBXBuildFile; fileRef = 271F46B315E913BF00C1E6DF /* MMClientsViewController.m */; };
		271F46B615E913BF00C1E6DF /* MMClientsViewController.xib in Resources */ = {isa = PBXBuildFile; fileRef = 271F46B415E913BF00C1E6DF /* MMClientsViewController.xib */; };
		271F46BA15E913D200C1E6DF /* MMProjectsViewController.m in Sources */ = {isa = PBXBuildFile; fileRef = 271F46B815E913D200C1E6DF /* MMProjectsViewController.m */; };
		271F46BB15E913D200C1E6DF /* MMProjectsViewController.xib in Resources */ = {isa = PBXBuildFile; fileRef = 271F46B915E913D200C1E6DF /* MMProjectsViewController.xib */; };
		271F46BF15E913E200C1E6DF /* MMTimeViewController.m in Sources */ = {isa = PBXBuildFile; fileRef = 271F46BD15E913E200C1E6DF /* MMTimeViewController.m */; };
		271F46C015E913E200C1E6DF /* MMTimeViewController.xib in Resources */ = {isa = PBXBuildFile; fileRef = 271F46BE15E913E200C1E6DF /* MMTimeViewController.xib */; };
		271F46C315E9140000C1E6DF /* MMButton.m in Sources */ = {isa = PBXBuildFile; fileRef = 271F46C215E9140000C1E6DF /* MMButton.m */; };
		271F46CB15E921C100C1E6DF /* MMClient.m in Sources */ = {isa = PBXBuildFile; fileRef = 271F46CA15E921C100C1E6DF /* MMClient.m */; };
		271F46CE15E921CD00C1E6DF /* MMProject.m in Sources */ = {isa = PBXBuildFile; fileRef = 271F46CD15E921CD00C1E6DF /* MMProject.m */; };
		271F46D115E921D800C1E6DF /* MMTime.m in Sources */ = {isa = PBXBuildFile; fileRef = 271F46D015E921D800C1E6DF /* MMTime.m */; };
		271F46D615E92BF300C1E6DF /* MMProjectDetailViewController.m in Sources */ = {isa = PBXBuildFile; fileRef = 271F46D415E92BF300C1E6DF /* MMProjectDetailViewController.m */; };
		271F46D715E92BF300C1E6DF /* MMProjectDetailViewController.xib in Resources */ = {isa = PBXBuildFile; fileRef = 271F46D515E92BF300C1E6DF /* MMProjectDetailViewController.xib */; };
		271F46E215E9399300C1E6DF /* MMAddClientViewController.m in Sources */ = {isa = PBXBuildFile; fileRef = 271F46E015E9399300C1E6DF /* MMAddClientViewController.m */; };
		271F46E315E9399300C1E6DF /* MMAddClientViewController.xib in Resources */ = {isa = PBXBuildFile; fileRef = 271F46E115E9399300C1E6DF /* MMAddClientViewController.xib */; };
		271F46EC15E93CD200C1E6DF /* MMClientDetailViewController.m in Sources */ = {isa = PBXBuildFile; fileRef = 271F46EA15E93CD200C1E6DF /* MMClientDetailViewController.m */; };
		271F46ED15E93CD200C1E6DF /* MMClientDetailViewController.xib in Resources */ = {isa = PBXBuildFile; fileRef = 271F46EB15E93CD200C1E6DF /* MMClientDetailViewController.xib */; };
		271F46F215E93F0E00C1E6DF /* MMEditClientViewController.m in Sources */ = {isa = PBXBuildFile; fileRef = 271F46F015E93F0E00C1E6DF /* MMEditClientViewController.m */; };
		271F46F315E93F0E00C1E6DF /* MMEditClientViewController.xib in Resources */ = {isa = PBXBuildFile; fileRef = 271F46F115E93F0E00C1E6DF /* MMEditClientViewController.xib */; };
		271F46F815E9417D00C1E6DF /* MMAddProjectViewController.m in Sources */ = {isa = PBXBuildFile; fileRef = 271F46F615E9417D00C1E6DF /* MMAddProjectViewController.m */; };
		271F46F915E9417D00C1E6DF /* MMAddProjectViewController.xib in Resources */ = {isa = PBXBuildFile; fileRef = 271F46F715E9417D00C1E6DF /* MMAddProjectViewController.xib */; };
		271F46FC15E944EB00C1E6DF /* FileHelpers.m in Sources */ = {isa = PBXBuildFile; fileRef = 271F46FB15E944EB00C1E6DF /* FileHelpers.m */; };
		271F470615E9461700C1E6DF /* Clients100.png in Resources */ = {isa = PBXBuildFile; fileRef = 271F46FF15E9461700C1E6DF /* Clients100.png */; };
		271F470715E9461700C1E6DF /* Clock100.png in Resources */ = {isa = PBXBuildFile; fileRef = 271F470015E9461700C1E6DF /* Clock100.png */; };
		271F470815E9461700C1E6DF /* dollar100.png in Resources */ = {isa = PBXBuildFile; fileRef = 271F470115E9461700C1E6DF /* dollar100.png */; };
		271F470915E9461700C1E6DF /* Email.png in Resources */ = {isa = PBXBuildFile; fileRef = 271F470215E9461700C1E6DF /* Email.png */; };
		271F470A15E9461700C1E6DF /* Printer72.png in Resources */ = {isa = PBXBuildFile; fileRef = 271F470315E9461700C1E6DF /* Printer72.png */; };
		271F470B15E9461700C1E6DF /* Projects100.png in Resources */ = {isa = PBXBuildFile; fileRef = 271F470415E9461700C1E6DF /* Projects100.png */; };
		271F470C15E9461700C1E6DF /* Square72.png in Resources */ = {isa = PBXBuildFile; fileRef = 271F470515E9461700C1E6DF /* Square72.png */; };
		271F470E15E94A8900C1E6DF /* New Project.png in Resources */ = {isa = PBXBuildFile; fileRef = 271F470D15E94A8900C1E6DF /* New Project.png */; };
		271F471315E94F2D00C1E6DF /* MMAddTimeViewController.m in Sources */ = {isa = PBXBuildFile; fileRef = 271F471115E94F2D00C1E6DF /* MMAddTimeViewController.m */; };
		271F471415E94F2D00C1E6DF /* MMAddTimeViewController.xib in Resources */ = {isa = PBXBuildFile; fileRef = 271F471215E94F2D00C1E6DF /* MMAddTimeViewController.xib */; };
		271F471915E94F9700C1E6DF /* MMTimeDetailViewController.m in Sources */ = {isa = PBXBuildFile; fileRef = 271F471715E94F9700C1E6DF /* MMTimeDetailViewController.m */; };
		271F471A15E94F9700C1E6DF /* MMTimeDetailViewController.xib in Resources */ = {isa = PBXBuildFile; fileRef = 271F471815E94F9700C1E6DF /* MMTimeDetailViewController.xib */; };
		271F471C15E958E400C1E6DF /* MessageUI.framework in Frameworks */ = {isa = PBXBuildFile; fileRef = 271F471B15E958E300C1E6DF /* MessageUI.framework */; };
		27F1DC5215E91132003B6087 /* UIKit.framework in Frameworks */ = {isa = PBXBuildFile; fileRef = 27F1DC5115E91132003B6087 /* UIKit.framework */; };
		27F1DC5415E91132003B6087 /* Foundation.framework in Frameworks */ = {isa = PBXBuildFile; fileRef = 27F1DC5315E91132003B6087 /* Foundation.framework */; };
		27F1DC5615E91132003B6087 /* CoreGraphics.framework in Frameworks */ = {isa = PBXBuildFile; fileRef = 27F1DC5515E91132003B6087 /* CoreGraphics.framework */; };
		27F1DC5C15E91133003B6087 /* InfoPlist.strings in Resources */ = {isa = PBXBuildFile; fileRef = 27F1DC5A15E91133003B6087 /* InfoPlist.strings */; };
		27F1DC5E15E91133003B6087 /* main.m in Sources */ = {isa = PBXBuildFile; fileRef = 27F1DC5D15E91133003B6087 /* main.m */; };
		27F1DC6215E91133003B6087 /* MMAppDelegate.m in Sources */ = {isa = PBXBuildFile; fileRef = 27F1DC6115E91133003B6087 /* MMAppDelegate.m */; };
		27F1DC6515E91133003B6087 /* MMRootViewController.m in Sources */ = {isa = PBXBuildFile; fileRef = 27F1DC6415E91133003B6087 /* MMRootViewController.m */; };
		27F1DC6B15E91133003B6087 /* MMRootViewController.xib in Resources */ = {isa = PBXBuildFile; fileRef = 27F1DC6915E91133003B6087 /* MMRootViewController.xib */; };
		27F1DC7615E9115C003B6087 /* UIImage+MMButton.m in Sources */ = {isa = PBXBuildFile; fileRef = 27F1DC7515E9115C003B6087 /* UIImage+MMButton.m */; };
/* End PBXBuildFile section */

/* Begin PBXFileReference section */
		2700E25015E9605700702AAB /* MMEditProjectViewController.h */ = {isa = PBXFileReference; fileEncoding = 4; lastKnownFileType = sourcecode.c.h; name = MMEditProjectViewController.h; path = "Navigation/Edit Project/MMEditProjectViewController.h"; sourceTree = "<group>"; };
		2700E25115E9605700702AAB /* MMEditProjectViewController.m */ = {isa = PBXFileReference; fileEncoding = 4; lastKnownFileType = sourcecode.c.objc; name = MMEditProjectViewController.m; path = "Navigation/Edit Project/MMEditProjectViewController.m"; sourceTree = "<group>"; };
		2700E25215E9605700702AAB /* MMEditProjectViewController.xib */ = {isa = PBXFileReference; fileEncoding = 4; lastKnownFileType = file.xib; name = MMEditProjectViewController.xib; path = "Navigation/Edit Project/MMEditProjectViewController.xib"; sourceTree = "<group>"; };
		2700E25615E9681A00702AAB /* MMSelectDateTimeViewController.h */ = {isa = PBXFileReference; fileEncoding = 4; lastKnownFileType = sourcecode.c.h; name = MMSelectDateTimeViewController.h; path = "Navigation/Select Date Time/MMSelectDateTimeViewController.h"; sourceTree = "<group>"; };
		2700E25715E9681A00702AAB /* MMSelectDateTimeViewController.m */ = {isa = PBXFileReference; fileEncoding = 4; lastKnownFileType = sourcecode.c.objc; name = MMSelectDateTimeViewController.m; path = "Navigation/Select Date Time/MMSelectDateTimeViewController.m"; sourceTree = "<group>"; };
		2700E25815E9681A00702AAB /* MMSelectDateTimeViewController.xib */ = {isa = PBXFileReference; fileEncoding = 4; lastKnownFileType = file.xib; name = MMSelectDateTimeViewController.xib; path = "Navigation/Select Date Time/MMSelectDateTimeViewController.xib"; sourceTree = "<group>"; };
		2700E25C15E9842700702AAB /* MMInvoice.h */ = {isa = PBXFileReference; fileEncoding = 4; lastKnownFileType = sourcecode.c.h; name = MMInvoice.h; path = Data/Invoice/MMInvoice.h; sourceTree = "<group>"; };
		2700E25D15E9842700702AAB /* MMInvoice.m */ = {isa = PBXFileReference; fileEncoding = 4; lastKnownFileType = sourcecode.c.objc; name = MMInvoice.m; path = Data/Invoice/MMInvoice.m; sourceTree = "<group>"; };
		2700E25F15E9852800702AAB /* QuartzCore.framework */ = {isa = PBXFileReference; lastKnownFileType = wrapper.framework; name = QuartzCore.framework; path = System/Library/Frameworks/QuartzCore.framework; sourceTree = SDKROOT; };
		271F46B215E913BF00C1E6DF /* MMClientsViewController.h */ = {isa = PBXFileReference; fileEncoding = 4; lastKnownFileType = sourcecode.c.h; name = MMClientsViewController.h; path = Navigation/Clients/MMClientsViewController.h; sourceTree = "<group>"; };
		271F46B315E913BF00C1E6DF /* MMClientsViewController.m */ = {isa = PBXFileReference; fileEncoding = 4; lastKnownFileType = sourcecode.c.objc; name = MMClientsViewController.m; path = Navigation/Clients/MMClientsViewController.m; sourceTree = "<group>"; };
		271F46B415E913BF00C1E6DF /* MMClientsViewController.xib */ = {isa = PBXFileReference; fileEncoding = 4; lastKnownFileType = file.xib; name = MMClientsViewController.xib; path = Navigation/Clients/MMClientsViewController.xib; sourceTree = "<group>"; };
		271F46B715E913D200C1E6DF /* MMProjectsViewController.h */ = {isa = PBXFileReference; fileEncoding = 4; lastKnownFileType = sourcecode.c.h; name = MMProjectsViewController.h; path = Navigation/Projects/MMProjectsViewController.h; sourceTree = "<group>"; };
		271F46B815E913D200C1E6DF /* MMProjectsViewController.m */ = {isa = PBXFileReference; fileEncoding = 4; lastKnownFileType = sourcecode.c.objc; name = MMProjectsViewController.m; path = Navigation/Projects/MMProjectsViewController.m; sourceTree = "<group>"; };
		271F46B915E913D200C1E6DF /* MMProjectsViewController.xib */ = {isa = PBXFileReference; fileEncoding = 4; lastKnownFileType = file.xib; name = MMProjectsViewController.xib; path = Navigation/Projects/MMProjectsViewController.xib; sourceTree = "<group>"; };
		271F46BC15E913E200C1E6DF /* MMTimeViewController.h */ = {isa = PBXFileReference; fileEncoding = 4; lastKnownFileType = sourcecode.c.h; name = MMTimeViewController.h; path = Navigation/Time/MMTimeViewController.h; sourceTree = "<group>"; };
		271F46BD15E913E200C1E6DF /* MMTimeViewController.m */ = {isa = PBXFileReference; fileEncoding = 4; lastKnownFileType = sourcecode.c.objc; name = MMTimeViewController.m; path = Navigation/Time/MMTimeViewController.m; sourceTree = "<group>"; };
		271F46BE15E913E200C1E6DF /* MMTimeViewController.xib */ = {isa = PBXFileReference; fileEncoding = 4; lastKnownFileType = file.xib; name = MMTimeViewController.xib; path = Navigation/Time/MMTimeViewController.xib; sourceTree = "<group>"; };
		271F46C115E9140000C1E6DF /* MMButton.h */ = {isa = PBXFileReference; fileEncoding = 4; lastKnownFileType = sourcecode.c.h; name = MMButton.h; path = UI/MMButton/MMButton.h; sourceTree = "<group>"; };
		271F46C215E9140000C1E6DF /* MMButton.m */ = {isa = PBXFileReference; fileEncoding = 4; lastKnownFileType = sourcecode.c.objc; name = MMButton.m; path = UI/MMButton/MMButton.m; sourceTree = "<group>"; };
		271F46C915E921C100C1E6DF /* MMClient.h */ = {isa = PBXFileReference; fileEncoding = 4; lastKnownFileType = sourcecode.c.h; name = MMClient.h; path = Data/Client/MMClient.h; sourceTree = "<group>"; };
		271F46CA15E921C100C1E6DF /* MMClient.m */ = {isa = PBXFileReference; fileEncoding = 4; lastKnownFileType = sourcecode.c.objc; name = MMClient.m; path = Data/Client/MMClient.m; sourceTree = "<group>"; };
		271F46CC15E921CD00C1E6DF /* MMProject.h */ = {isa = PBXFileReference; fileEncoding = 4; lastKnownFileType = sourcecode.c.h; name = MMProject.h; path = Data/Project/MMProject.h; sourceTree = "<group>"; };
		271F46CD15E921CD00C1E6DF /* MMProject.m */ = {isa = PBXFileReference; fileEncoding = 4; lastKnownFileType = sourcecode.c.objc; name = MMProject.m; path = Data/Project/MMProject.m; sourceTree = "<group>"; };
		271F46CF15E921D800C1E6DF /* MMTime.h */ = {isa = PBXFileReference; fileEncoding = 4; lastKnownFileType = sourcecode.c.h; name = MMTime.h; path = Data/Time/MMTime.h; sourceTree = "<group>"; };
		271F46D015E921D800C1E6DF /* MMTime.m */ = {isa = PBXFileReference; fileEncoding = 4; lastKnownFileType = sourcecode.c.objc; name = MMTime.m; path = Data/Time/MMTime.m; sourceTree = "<group>"; };
		271F46D315E92BF300C1E6DF /* MMProjectDetailViewController.h */ = {isa = PBXFileReference; fileEncoding = 4; lastKnownFileType = sourcecode.c.h; name = MMProjectDetailViewController.h; path = "Navigation/Project Detail/MMProjectDetailViewController.h"; sourceTree = "<group>"; };
		271F46D415E92BF300C1E6DF /* MMProjectDetailViewController.m */ = {isa = PBXFileReference; fileEncoding = 4; lastKnownFileType = sourcecode.c.objc; name = MMProjectDetailViewController.m; path = "Navigation/Project Detail/MMProjectDetailViewController.m"; sourceTree = "<group>"; };
		271F46D515E92BF300C1E6DF /* MMProjectDetailViewController.xib */ = {isa = PBXFileReference; fileEncoding = 4; lastKnownFileType = file.xib; name = MMProjectDetailViewController.xib; path = "Navigation/Project Detail/MMProjectDetailViewController.xib"; sourceTree = "<group>"; };
		271F46DF15E9399300C1E6DF /* MMAddClientViewController.h */ = {isa = PBXFileReference; fileEncoding = 4; lastKnownFileType = sourcecode.c.h; name = MMAddClientViewController.h; path = "Navigation/Add Client/MMAddClientViewController.h"; sourceTree = "<group>"; };
		271F46E015E9399300C1E6DF /* MMAddClientViewController.m */ = {isa = PBXFileReference; fileEncoding = 4; lastKnownFileType = sourcecode.c.objc; name = MMAddClientViewController.m; path = "Navigation/Add Client/MMAddClientViewController.m"; sourceTree = "<group>"; };
		271F46E115E9399300C1E6DF /* MMAddClientViewController.xib */ = {isa = PBXFileReference; fileEncoding = 4; lastKnownFileType = file.xib; name = MMAddClientViewController.xib; path = "Navigation/Add Client/MMAddClientViewController.xib"; sourceTree = "<group>"; };
		271F46E915E93CD200C1E6DF /* MMClientDetailViewController.h */ = {isa = PBXFileReference; fileEncoding = 4; lastKnownFileType = sourcecode.c.h; name = MMClientDetailViewController.h; path = "Navigation/Client Detail/MMClientDetailViewController.h"; sourceTree = "<group>"; };
		271F46EA15E93CD200C1E6DF /* MMClientDetailViewController.m */ = {isa = PBXFileReference; fileEncoding = 4; lastKnownFileType = sourcecode.c.objc; name = MMClientDetailViewController.m; path = "Navigation/Client Detail/MMClientDetailViewController.m"; sourceTree = "<group>"; };
		271F46EB15E93CD200C1E6DF /* MMClientDetailViewController.xib */ = {isa = PBXFileReference; fileEncoding = 4; lastKnownFileType = file.xib; name = MMClientDetailViewController.xib; path = "Navigation/Client Detail/MMClientDetailViewController.xib"; sourceTree = "<group>"; };
		271F46EF15E93F0E00C1E6DF /* MMEditClientViewController.h */ = {isa = PBXFileReference; fileEncoding = 4; lastKnownFileType = sourcecode.c.h; name = MMEditClientViewController.h; path = "Navigation/Edit Client/MMEditClientViewController.h"; sourceTree = "<group>"; };
		271F46F015E93F0E00C1E6DF /* MMEditClientViewController.m */ = {isa = PBXFileReference; fileEncoding = 4; lastKnownFileType = sourcecode.c.objc; name = MMEditClientViewController.m; path = "Navigation/Edit Client/MMEditClientViewController.m"; sourceTree = "<group>"; };
		271F46F115E93F0E00C1E6DF /* MMEditClientViewController.xib */ = {isa = PBXFileReference; fileEncoding = 4; lastKnownFileType = file.xib; name = MMEditClientViewController.xib; path = "Navigation/Edit Client/MMEditClientViewController.xib"; sourceTree = "<group>"; };
		271F46F515E9417D00C1E6DF /* MMAddProjectViewController.h */ = {isa = PBXFileReference; fileEncoding = 4; lastKnownFileType = sourcecode.c.h; name = MMAddProjectViewController.h; path = "Navigation/Add Project/MMAddProjectViewController.h"; sourceTree = "<group>"; };
		271F46F615E9417D00C1E6DF /* MMAddProjectViewController.m */ = {isa = PBXFileReference; fileEncoding = 4; lastKnownFileType = sourcecode.c.objc; name = MMAddProjectViewController.m; path = "Navigation/Add Project/MMAddProjectViewController.m"; sourceTree = "<group>"; };
		271F46F715E9417D00C1E6DF /* MMAddProjectViewController.xib */ = {isa = PBXFileReference; fileEncoding = 4; lastKnownFileType = file.xib; name = MMAddProjectViewController.xib; path = "Navigation/Add Project/MMAddProjectViewController.xib"; sourceTree = "<group>"; };
		271F46FA15E944EB00C1E6DF /* FileHelpers.h */ = {isa = PBXFileReference; fileEncoding = 4; lastKnownFileType = sourcecode.c.h; name = FileHelpers.h; path = Data/FileHelpers/FileHelpers.h; sourceTree = "<group>"; };
		271F46FB15E944EB00C1E6DF /* FileHelpers.m */ = {isa = PBXFileReference; fileEncoding = 4; lastKnownFileType = sourcecode.c.objc; name = FileHelpers.m; path = Data/FileHelpers/FileHelpers.m; sourceTree = "<group>"; };
		271F46FF15E9461700C1E6DF /* Clients100.png */ = {isa = PBXFileReference; lastKnownFileType = image.png; path = Clients100.png; sourceTree = "<group>"; };
		271F470015E9461700C1E6DF /* Clock100.png */ = {isa = PBXFileReference; lastKnownFileType = image.png; path = Clock100.png; sourceTree = "<group>"; };
		271F470115E9461700C1E6DF /* dollar100.png */ = {isa = PBXFileReference; lastKnownFileType = image.png; path = dollar100.png; sourceTree = "<group>"; };
		271F470215E9461700C1E6DF /* Email.png */ = {isa = PBXFileReference; lastKnownFileType = image.png; path = Email.png; sourceTree = "<group>"; };
		271F470315E9461700C1E6DF /* Printer72.png */ = {isa = PBXFileReference; lastKnownFileType = image.png; path = Printer72.png; sourceTree = "<group>"; };
		271F470415E9461700C1E6DF /* Projects100.png */ = {isa = PBXFileReference; lastKnownFileType = image.png; path = Projects100.png; sourceTree = "<group>"; };
		271F470515E9461700C1E6DF /* Square72.png */ = {isa = PBXFileReference; lastKnownFileType = image.png; path = Square72.png; sourceTree = "<group>"; };
		271F470D15E94A8900C1E6DF /* New Project.png */ = {isa = PBXFileReference; lastKnownFileType = image.png; path = "New Project.png"; sourceTree = "<group>"; };
		271F471015E94F2D00C1E6DF /* MMAddTimeViewController.h */ = {isa = PBXFileReference; fileEncoding = 4; lastKnownFileType = sourcecode.c.h; name = MMAddTimeViewController.h; path = "Navigation/Add Time/MMAddTimeViewController.h"; sourceTree = "<group>"; };
		271F471115E94F2D00C1E6DF /* MMAddTimeViewController.m */ = {isa = PBXFileReference; fileEncoding = 4; lastKnownFileType = sourcecode.c.objc; name = MMAddTimeViewController.m; path = "Navigation/Add Time/MMAddTimeViewController.m"; sourceTree = "<group>"; };
		271F471215E94F2D00C1E6DF /* MMAddTimeViewController.xib */ = {isa = PBXFileReference; fileEncoding = 4; lastKnownFileType = file.xib; name = MMAddTimeViewController.xib; path = "Navigation/Add Time/MMAddTimeViewController.xib"; sourceTree = "<group>"; };
		271F471615E94F9700C1E6DF /* MMTimeDetailViewController.h */ = {isa = PBXFileReference; fileEncoding = 4; lastKnownFileType = sourcecode.c.h; name = MMTimeDetailViewController.h; path = "Navigation/Time Detail/MMTimeDetailViewController.h"; sourceTree = "<group>"; };
		271F471715E94F9700C1E6DF /* MMTimeDetailViewController.m */ = {isa = PBXFileReference; fileEncoding = 4; lastKnownFileType = sourcecode.c.objc; name = MMTimeDetailViewController.m; path = "Navigation/Time Detail/MMTimeDetailViewController.m"; sourceTree = "<group>"; };
		271F471815E94F9700C1E6DF /* MMTimeDetailViewController.xib */ = {isa = PBXFileReference; fileEncoding = 4; lastKnownFileType = file.xib; name = MMTimeDetailViewController.xib; path = "Navigation/Time Detail/MMTimeDetailViewController.xib"; sourceTree = "<group>"; };
		271F471B15E958E300C1E6DF /* MessageUI.framework */ = {isa = PBXFileReference; lastKnownFileType = wrapper.framework; name = MessageUI.framework; path = System/Library/Frameworks/MessageUI.framework; sourceTree = SDKROOT; };
		27F1DC4D15E91132003B6087 /* iContractor.app */ = {isa = PBXFileReference; explicitFileType = wrapper.application; includeInIndex = 0; path = iContractor.app; sourceTree = BUILT_PRODUCTS_DIR; };
		27F1DC5115E91132003B6087 /* UIKit.framework */ = {isa = PBXFileReference; lastKnownFileType = wrapper.framework; name = UIKit.framework; path = System/Library/Frameworks/UIKit.framework; sourceTree = SDKROOT; };
		27F1DC5315E91132003B6087 /* Foundation.framework */ = {isa = PBXFileReference; lastKnownFileType = wrapper.framework; name = Foundation.framework; path = System/Library/Frameworks/Foundation.framework; sourceTree = SDKROOT; };
		27F1DC5515E91132003B6087 /* CoreGraphics.framework */ = {isa = PBXFileReference; lastKnownFileType = wrapper.framework; name = CoreGraphics.framework; path = System/Library/Frameworks/CoreGraphics.framework; sourceTree = SDKROOT; };
		27F1DC5915E91132003B6087 /* iContractor-Info.plist */ = {isa = PBXFileReference; lastKnownFileType = text.plist.xml; path = "iContractor-Info.plist"; sourceTree = "<group>"; };
		27F1DC5B15E91133003B6087 /* en */ = {isa = PBXFileReference; lastKnownFileType = text.plist.strings; name = en; path = en.lproj/InfoPlist.strings; sourceTree = "<group>"; };
		27F1DC5D15E91133003B6087 /* main.m */ = {isa = PBXFileReference; lastKnownFileType = sourcecode.c.objc; path = main.m; sourceTree = "<group>"; };
		27F1DC5F15E91133003B6087 /* iContractor-Prefix.pch */ = {isa = PBXFileReference; lastKnownFileType = sourcecode.c.h; path = "iContractor-Prefix.pch"; sourceTree = "<group>"; };
		27F1DC6015E91133003B6087 /* MMAppDelegate.h */ = {isa = PBXFileReference; lastKnownFileType = sourcecode.c.h; path = MMAppDelegate.h; sourceTree = "<group>"; };
		27F1DC6115E91133003B6087 /* MMAppDelegate.m */ = {isa = PBXFileReference; lastKnownFileType = sourcecode.c.objc; path = MMAppDelegate.m; sourceTree = "<group>"; };
		27F1DC6315E91133003B6087 /* MMRootViewController.h */ = {isa = PBXFileReference; lastKnownFileType = sourcecode.c.h; path = MMRootViewController.h; sourceTree = "<group>"; };
		27F1DC6415E91133003B6087 /* MMRootViewController.m */ = {isa = PBXFileReference; lastKnownFileType = sourcecode.c.objc; path = MMRootViewController.m; sourceTree = "<group>"; };
		27F1DC6A15E91133003B6087 /* en */ = {isa = PBXFileReference; lastKnownFileType = file.xib; name = en; path = en.lproj/MMRootViewController.xib; sourceTree = "<group>"; };
		27F1DC7415E9115C003B6087 /* UIImage+MMButton.h */ = {isa = PBXFileReference; fileEncoding = 4; lastKnownFileType = sourcecode.c.h; path = "UIImage+MMButton.h"; sourceTree = "<group>"; };
		27F1DC7515E9115C003B6087 /* UIImage+MMButton.m */ = {isa = PBXFileReference; fileEncoding = 4; lastKnownFileType = sourcecode.c.objc; path = "UIImage+MMButton.m"; sourceTree = "<group>"; };
/* End PBXFileReference section */

/* Begin PBXFrameworksBuildPhase section */
		27F1DC4A15E91132003B6087 /* Frameworks */ = {
			isa = PBXFrameworksBuildPhase;
			buildActionMask = 2147483647;
			files = (
				2700E26015E9852900702AAB /* QuartzCore.framework in Frameworks */,
				271F471C15E958E400C1E6DF /* MessageUI.framework in Frameworks */,
				27F1DC5215E91132003B6087 /* UIKit.framework in Frameworks */,
				27F1DC5415E91132003B6087 /* Foundation.framework in Frameworks */,
				27F1DC5615E91132003B6087 /* CoreGraphics.framework in Frameworks */,
			);
			runOnlyForDeploymentPostprocessing = 0;
		};
/* End PBXFrameworksBuildPhase section */

/* Begin PBXGroup section */
		2700E24F15E9604700702AAB /* Edit Project */ = {
			isa = PBXGroup;
			children = (
				2700E25015E9605700702AAB /* MMEditProjectViewController.h */,
				2700E25115E9605700702AAB /* MMEditProjectViewController.m */,
				2700E25215E9605700702AAB /* MMEditProjectViewController.xib */,
			);
			name = "Edit Project";
			sourceTree = "<group>";
		};
		2700E25515E9680600702AAB /* Select Date Time */ = {
			isa = PBXGroup;
			children = (
				2700E25615E9681A00702AAB /* MMSelectDateTimeViewController.h */,
				2700E25715E9681A00702AAB /* MMSelectDateTimeViewController.m */,
				2700E25815E9681A00702AAB /* MMSelectDateTimeViewController.xib */,
			);
			name = "Select Date Time";
			sourceTree = "<group>";
		};
		2700E25B15E9841100702AAB /* Invoice */ = {
			isa = PBXGroup;
			children = (
				2700E25C15E9842700702AAB /* MMInvoice.h */,
				2700E25D15E9842700702AAB /* MMInvoice.m */,
			);
			name = Invoice;
			sourceTree = "<group>";
		};
		271F46C415E9140200C1E6DF /* MMButton */ = {
			isa = PBXGroup;
			children = (
				271F46C115E9140000C1E6DF /* MMButton.h */,
				271F46C215E9140000C1E6DF /* MMButton.m */,
			);
			name = MMButton;
			sourceTree = "<group>";
		};
		271F46C515E9218E00C1E6DF /* Data */ = {
			isa = PBXGroup;
			children = (
				271F46C615E9219800C1E6DF /* Client */,
				271F46FD15E944F100C1E6DF /* FileHelpers */,
				2700E25B15E9841100702AAB /* Invoice */,
				271F46C715E9219E00C1E6DF /* Project */,
				271F46C815E921A700C1E6DF /* Time */,
			);
			name = Data;
			sourceTree = "<group>";
		};
		271F46C615E9219800C1E6DF /* Client */ = {
			isa = PBXGroup;
			children = (
				271F46C915E921C100C1E6DF /* MMClient.h */,
				271F46CA15E921C100C1E6DF /* MMClient.m */,
			);
			name = Client;
			sourceTree = "<group>";
		};
		271F46C715E9219E00C1E6DF /* Project */ = {
			isa = PBXGroup;
			children = (
				271F46CC15E921CD00C1E6DF /* MMProject.h */,
				271F46CD15E921CD00C1E6DF /* MMProject.m */,
			);
			name = Project;
			sourceTree = "<group>";
		};
		271F46C815E921A700C1E6DF /* Time */ = {
			isa = PBXGroup;
			children = (
				271F46CF15E921D800C1E6DF /* MMTime.h */,
				271F46D015E921D800C1E6DF /* MMTime.m */,
			);
			name = Time;
			sourceTree = "<group>";
		};
		271F46D215E92BDB00C1E6DF /* Project Detail */ = {
			isa = PBXGroup;
			children = (
				271F46D315E92BF300C1E6DF /* MMProjectDetailViewController.h */,
				271F46D415E92BF300C1E6DF /* MMProjectDetailViewController.m */,
				271F46D515E92BF300C1E6DF /* MMProjectDetailViewController.xib */,
			);
			name = "Project Detail";
			sourceTree = "<group>";
		};
		271F46D815E92F1600C1E6DF /* Client Detail */ = {
			isa = PBXGroup;
			children = (
				271F46E915E93CD200C1E6DF /* MMClientDetailViewController.h */,
				271F46EA15E93CD200C1E6DF /* MMClientDetailViewController.m */,
				271F46EB15E93CD200C1E6DF /* MMClientDetailViewController.xib */,
			);
			name = "Client Detail";
			sourceTree = "<group>";
		};
		271F46DE15E9398000C1E6DF /* Add Client */ = {
			isa = PBXGroup;
			children = (
				271F46DF15E9399300C1E6DF /* MMAddClientViewController.h */,
				271F46E015E9399300C1E6DF /* MMAddClientViewController.m */,
				271F46E115E9399300C1E6DF /* MMAddClientViewController.xib */,
			);
			name = "Add Client";
			sourceTree = "<group>";
		};
		271F46EE15E93EFE00C1E6DF /* Edit Client */ = {
			isa = PBXGroup;
			children = (
				271F46EF15E93F0E00C1E6DF /* MMEditClientViewController.h */,
				271F46F015E93F0E00C1E6DF /* MMEditClientViewController.m */,
				271F46F115E93F0E00C1E6DF /* MMEditClientViewController.xib */,
			);
			name = "Edit Client";
			sourceTree = "<group>";
		};
		271F46F415E9416F00C1E6DF /* Add Project */ = {
			isa = PBXGroup;
			children = (
				271F46F515E9417D00C1E6DF /* MMAddProjectViewController.h */,
				271F46F615E9417D00C1E6DF /* MMAddProjectViewController.m */,
				271F46F715E9417D00C1E6DF /* MMAddProjectViewController.xib */,
			);
			name = "Add Project";
			sourceTree = "<group>";
		};
		271F46FD15E944F100C1E6DF /* FileHelpers */ = {
			isa = PBXGroup;
			children = (
				271F46FA15E944EB00C1E6DF /* FileHelpers.h */,
				271F46FB15E944EB00C1E6DF /* FileHelpers.m */,
			);
			name = FileHelpers;
			sourceTree = "<group>";
		};
		271F46FE15E9460500C1E6DF /* Images */ = {
			isa = PBXGroup;
			children = (
				271F470D15E94A8900C1E6DF /* New Project.png */,
				271F46FF15E9461700C1E6DF /* Clients100.png */,
				271F470015E9461700C1E6DF /* Clock100.png */,
				271F470115E9461700C1E6DF /* dollar100.png */,
				271F470215E9461700C1E6DF /* Email.png */,
				271F470315E9461700C1E6DF /* Printer72.png */,
				271F470415E9461700C1E6DF /* Projects100.png */,
				271F470515E9461700C1E6DF /* Square72.png */,
			);
			name = Images;
			sourceTree = "<group>";
		};
		271F470F15E94B4900C1E6DF /* Add Time */ = {
			isa = PBXGroup;
			children = (
				271F471015E94F2D00C1E6DF /* MMAddTimeViewController.h */,
				271F471115E94F2D00C1E6DF /* MMAddTimeViewController.m */,
				271F471215E94F2D00C1E6DF /* MMAddTimeViewController.xib */,
			);
			name = "Add Time";
			sourceTree = "<group>";
		};
		271F471515E94F8700C1E6DF /* Time Detail */ = {
			isa = PBXGroup;
			children = (
				271F471615E94F9700C1E6DF /* MMTimeDetailViewController.h */,
				271F471715E94F9700C1E6DF /* MMTimeDetailViewController.m */,
				271F471815E94F9700C1E6DF /* MMTimeDetailViewController.xib */,
			);
			name = "Time Detail";
			sourceTree = "<group>";
		};
		27F1DC4215E91132003B6087 = {
			isa = PBXGroup;
			children = (
				27F1DC5715E91132003B6087 /* iContractor */,
				27F1DC5015E91132003B6087 /* Frameworks */,
				27F1DC4E15E91132003B6087 /* Products */,
			);
			sourceTree = "<group>";
		};
		27F1DC4E15E91132003B6087 /* Products */ = {
			isa = PBXGroup;
			children = (
				27F1DC4D15E91132003B6087 /* iContractor.app */,
			);
			name = Products;
			sourceTree = "<group>";
		};
		27F1DC5015E91132003B6087 /* Frameworks */ = {
			isa = PBXGroup;
			children = (
				27F1DC5515E91132003B6087 /* CoreGraphics.framework */,
				27F1DC5315E91132003B6087 /* Foundation.framework */,
				271F471B15E958E300C1E6DF /* MessageUI.framework */,
				2700E25F15E9852800702AAB /* QuartzCore.framework */,
				27F1DC5115E91132003B6087 /* UIKit.framework */,
			);
			name = Frameworks;
			sourceTree = "<group>";
		};
		27F1DC5715E91132003B6087 /* iContractor */ = {
			isa = PBXGroup;
			children = (
				27F1DC8115E91381003B6087 /* AppDelegate */,
				271F46C515E9218E00C1E6DF /* Data */,
				27F1DC8015E91372003B6087 /* UI */,
				27F1DC7B15E91181003B6087 /* Navigation */,
				27F1DC5815E91132003B6087 /* Supporting Files */,
			);
			path = iContractor;
			sourceTree = "<group>";
		};
		27F1DC5815E91132003B6087 /* Supporting Files */ = {
			isa = PBXGroup;
			children = (
				27F1DC5915E91132003B6087 /* iContractor-Info.plist */,
				27F1DC5A15E91133003B6087 /* InfoPlist.strings */,
				27F1DC5D15E91133003B6087 /* main.m */,
				27F1DC5F15E91133003B6087 /* iContractor-Prefix.pch */,
			);
			name = "Supporting Files";
			sourceTree = "<group>";
		};
		27F1DC7715E91163003B6087 /* Root */ = {
			isa = PBXGroup;
			children = (
				27F1DC6315E91133003B6087 /* MMRootViewController.h */,
				27F1DC6415E91133003B6087 /* MMRootViewController.m */,
				27F1DC6915E91133003B6087 /* MMRootViewController.xib */,
			);
			name = Root;
			sourceTree = "<group>";
		};
		27F1DC7815E91169003B6087 /* Clients */ = {
			isa = PBXGroup;
			children = (
				271F46B215E913BF00C1E6DF /* MMClientsViewController.h */,
				271F46B315E913BF00C1E6DF /* MMClientsViewController.m */,
				271F46B415E913BF00C1E6DF /* MMClientsViewController.xib */,
			);
			name = Clients;
			sourceTree = "<group>";
		};
		27F1DC7915E9116E003B6087 /* Projects */ = {
			isa = PBXGroup;
			children = (
				271F46B715E913D200C1E6DF /* MMProjectsViewController.h */,
				271F46B815E913D200C1E6DF /* MMProjectsViewController.m */,
				271F46B915E913D200C1E6DF /* MMProjectsViewController.xib */,
			);
			name = Projects;
			sourceTree = "<group>";
		};
		27F1DC7A15E91179003B6087 /* Time */ = {
			isa = PBXGroup;
			children = (
				271F46BC15E913E200C1E6DF /* MMTimeViewController.h */,
				271F46BD15E913E200C1E6DF /* MMTimeViewController.m */,
				271F46BE15E913E200C1E6DF /* MMTimeViewController.xib */,
			);
			name = Time;
			sourceTree = "<group>";
		};
		27F1DC7B15E91181003B6087 /* Navigation */ = {
			isa = PBXGroup;
			children = (
				271F46DE15E9398000C1E6DF /* Add Client */,
				271F46F415E9416F00C1E6DF /* Add Project */,
				271F470F15E94B4900C1E6DF /* Add Time */,
				271F46D815E92F1600C1E6DF /* Client Detail */,
				27F1DC7815E91169003B6087 /* Clients */,
				271F46EE15E93EFE00C1E6DF /* Edit Client */,
				2700E24F15E9604700702AAB /* Edit Project */,
				271F46D215E92BDB00C1E6DF /* Project Detail */,
				27F1DC7915E9116E003B6087 /* Projects */,
				27F1DC7715E91163003B6087 /* Root */,
				2700E25515E9680600702AAB /* Select Date Time */,
				27F1DC7A15E91179003B6087 /* Time */,
				271F471515E94F8700C1E6DF /* Time Detail */,
			);
			name = Navigation;
			sourceTree = "<group>";
		};
		27F1DC8015E91372003B6087 /* UI */ = {
			isa = PBXGroup;
			children = (
				271F46FE15E9460500C1E6DF /* Images */,
				271F46C415E9140200C1E6DF /* MMButton */,
				27F1DC7415E9115C003B6087 /* UIImage+MMButton.h */,
				27F1DC7515E9115C003B6087 /* UIImage+MMButton.m */,
			);
			name = UI;
			sourceTree = "<group>";
		};
		27F1DC8115E91381003B6087 /* AppDelegate */ = {
			isa = PBXGroup;
			children = (
				27F1DC6015E91133003B6087 /* MMAppDelegate.h */,
				27F1DC6115E91133003B6087 /* MMAppDelegate.m */,
			);
			name = AppDelegate;
			sourceTree = "<group>";
		};
/* End PBXGroup section */

/* Begin PBXNativeTarget section */
		27F1DC4C15E91132003B6087 /* iContractor */ = {
			isa = PBXNativeTarget;
			buildConfigurationList = 27F1DC7115E91133003B6087 /* Build configuration list for PBXNativeTarget "iContractor" */;
			buildPhases = (
				27F1DC4915E91132003B6087 /* Sources */,
				27F1DC4A15E91132003B6087 /* Frameworks */,
				27F1DC4B15E91132003B6087 /* Resources */,
			);
			buildRules = (
			);
			dependencies = (
			);
			name = iContractor;
			productName = iContractor;
			productReference = 27F1DC4D15E91132003B6087 /* iContractor.app */;
			productType = "com.apple.product-type.application";
		};
/* End PBXNativeTarget section */

/* Begin PBXProject section */
		27F1DC4415E91132003B6087 /* Project object */ = {
			isa = PBXProject;
			attributes = {
				CLASSPREFIX = MM;
				LastUpgradeCheck = 0440;
				ORGANIZATIONNAME = "Michael McEvoy";
			};
			buildConfigurationList = 27F1DC4715E91132003B6087 /* Build configuration list for PBXProject "iContractor" */;
			compatibilityVersion = "Xcode 3.2";
			developmentRegion = English;
			hasScannedForEncodings = 0;
			knownRegions = (
				en,
			);
			mainGroup = 27F1DC4215E91132003B6087;
			productRefGroup = 27F1DC4E15E91132003B6087 /* Products */;
			projectDirPath = "";
			projectRoot = "";
			targets = (
				27F1DC4C15E91132003B6087 /* iContractor */,
			);
		};
/* End PBXProject section */

/* Begin PBXResourcesBuildPhase section */
		27F1DC4B15E91132003B6087 /* Resources */ = {
			isa = PBXResourcesBuildPhase;
			buildActionMask = 2147483647;
			files = (
				27F1DC5C15E91133003B6087 /* InfoPlist.strings in Resources */,
				27F1DC6B15E91133003B6087 /* MMRootViewController.xib in Resources */,
				271F46B615E913BF00C1E6DF /* MMClientsViewController.xib in Resources */,
				271F46BB15E913D200C1E6DF /* MMProjectsViewController.xib in Resources */,
				271F46C015E913E200C1E6DF /* MMTimeViewController.xib in Resources */,
				271F46D715E92BF300C1E6DF /* MMProjectDetailViewController.xib in Resources */,
				271F46E315E9399300C1E6DF /* MMAddClientViewController.xib in Resources */,
				271F46ED15E93CD200C1E6DF /* MMClientDetailViewController.xib in Resources */,
				271F46F315E93F0E00C1E6DF /* MMEditClientViewController.xib in Resources */,
				271F46F915E9417D00C1E6DF /* MMAddProjectViewController.xib in Resources */,
				271F470615E9461700C1E6DF /* Clients100.png in Resources */,
				271F470715E9461700C1E6DF /* Clock100.png in Resources */,
				271F470815E9461700C1E6DF /* dollar100.png in Resources */,
				271F470915E9461700C1E6DF /* Email.png in Resources */,
				271F470A15E9461700C1E6DF /* Printer72.png in Resources */,
				271F470B15E9461700C1E6DF /* Projects100.png in Resources */,
				271F470C15E9461700C1E6DF /* Square72.png in Resources */,
				271F470E15E94A8900C1E6DF /* New Project.png in Resources */,
				271F471415E94F2D00C1E6DF /* MMAddTimeViewController.xib in Resources */,
				271F471A15E94F9700C1E6DF /* MMTimeDetailViewController.xib in Resources */,
				2700E25415E9605700702AAB /* MMEditProjectViewController.xib in Resources */,
				2700E25A15E9681A00702AAB /* MMSelectDateTimeViewController.xib in Resources */,
			);
			runOnlyForDeploymentPostprocessing = 0;
		};
/* End PBXResourcesBuildPhase section */

/* Begin PBXSourcesBuildPhase section */
		27F1DC4915E91132003B6087 /* Sources */ = {
			isa = PBXSourcesBuildPhase;
			buildActionMask = 2147483647;
			files = (
				27F1DC5E15E91133003B6087 /* main.m in Sources */,
				27F1DC6215E91133003B6087 /* MMAppDelegate.m in Sources */,
				27F1DC6515E91133003B6087 /* MMRootViewController.m in Sources */,
				27F1DC7615E9115C003B6087 /* UIImage+MMButton.m in Sources */,
				271F46B515E913BF00C1E6DF /* MMClientsViewController.m in Sources */,
				271F46BA15E913D200C1E6DF /* MMProjectsViewController.m in Sources */,
				271F46BF15E913E200C1E6DF /* MMTimeViewController.m in Sources */,
				271F46C315E9140000C1E6DF /* MMButton.m in Sources */,
				271F46CB15E921C100C1E6DF /* MMClient.m in Sources */,
				271F46CE15E921CD00C1E6DF /* MMProject.m in Sources */,
				271F46D115E921D800C1E6DF /* MMTime.m in Sources */,
				271F46D615E92BF300C1E6DF /* MMProjectDetailViewController.m in Sources */,
				271F46E215E9399300C1E6DF /* MMAddClientViewController.m in Sources */,
				271F46EC15E93CD200C1E6DF /* MMClientDetailViewController.m in Sources */,
				271F46F215E93F0E00C1E6DF /* MMEditClientViewController.m in Sources */,
				271F46F815E9417D00C1E6DF /* MMAddProjectViewController.m in Sources */,
				271F46FC15E944EB00C1E6DF /* FileHelpers.m in Sources */,
				271F471315E94F2D00C1E6DF /* MMAddTimeViewController.m in Sources */,
				271F471915E94F9700C1E6DF /* MMTimeDetailViewController.m in Sources */,
				2700E25315E9605700702AAB /* MMEditProjectViewController.m in Sources */,
				2700E25915E9681A00702AAB /* MMSelectDateTimeViewController.m in Sources */,
				2700E25E15E9842700702AAB /* MMInvoice.m in Sources */,
			);
			runOnlyForDeploymentPostprocessing = 0;
		};
/* End PBXSourcesBuildPhase section */

/* Begin PBXVariantGroup section */
		27F1DC5A15E91133003B6087 /* InfoPlist.strings */ = {
			isa = PBXVariantGroup;
			children = (
				27F1DC5B15E91133003B6087 /* en */,
			);
			name = InfoPlist.strings;
			sourceTree = "<group>";
		};
		27F1DC6915E91133003B6087 /* MMRootViewController.xib */ = {
			isa = PBXVariantGroup;
			children = (
				27F1DC6A15E91133003B6087 /* en */,
			);
			name = MMRootViewController.xib;
			sourceTree = "<group>";
		};
/* End PBXVariantGroup section */

/* Begin XCBuildConfiguration section */
		27F1DC6F15E91133003B6087 /* Debug */ = {
			isa = XCBuildConfiguration;
			buildSettings = {
				ALWAYS_SEARCH_USER_PATHS = NO;
				ARCHS = "$(ARCHS_STANDARD_32_BIT)";
				CLANG_CXX_LANGUAGE_STANDARD = "gnu++0x";
				CLANG_ENABLE_OBJC_ARC = YES;
				CLANG_WARN__DUPLICATE_METHOD_MATCH = YES;
				"CODE_SIGN_IDENTITY[sdk=iphoneos*]" = "iPhone Developer";
				COPY_PHASE_STRIP = NO;
				GCC_C_LANGUAGE_STANDARD = gnu99;
				GCC_DYNAMIC_NO_PIC = NO;
				GCC_OPTIMIZATION_LEVEL = 0;
				GCC_PREPROCESSOR_DEFINITIONS = (
					"DEBUG=1",
					"$(inherited)",
				);
				GCC_SYMBOLS_PRIVATE_EXTERN = NO;
				GCC_VERSION = com.apple.compilers.llvm.clang.1_0;
				GCC_WARN_ABOUT_RETURN_TYPE = YES;
				GCC_WARN_UNINITIALIZED_AUTOS = YES;
				GCC_WARN_UNUSED_VARIABLE = YES;
				IPHONEOS_DEPLOYMENT_TARGET = 5.1;
				SDKROOT = iphoneos;
			};
			name = Debug;
		};
		27F1DC7015E91133003B6087 /* Release */ = {
			isa = XCBuildConfiguration;
			buildSettings = {
				ALWAYS_SEARCH_USER_PATHS = NO;
				ARCHS = "$(ARCHS_STANDARD_32_BIT)";
				CLANG_CXX_LANGUAGE_STANDARD = "gnu++0x";
				CLANG_ENABLE_OBJC_ARC = YES;
				CLANG_WARN__DUPLICATE_METHOD_MATCH = YES;
				"CODE_SIGN_IDENTITY[sdk=iphoneos*]" = "iPhone Developer";
				COPY_PHASE_STRIP = YES;
				GCC_C_LANGUAGE_STANDARD = gnu99;
				GCC_VERSION = com.apple.compilers.llvm.clang.1_0;
				GCC_WARN_ABOUT_RETURN_TYPE = YES;
				GCC_WARN_UNINITIALIZED_AUTOS = YES;
				GCC_WARN_UNUSED_VARIABLE = YES;
				IPHONEOS_DEPLOYMENT_TARGET = 5.1;
				OTHER_CFLAGS = "-DNS_BLOCK_ASSERTIONS=1";
				SDKROOT = iphoneos;
				VALIDATE_PRODUCT = YES;
			};
			name = Release;
		};
		27F1DC7215E91133003B6087 /* Debug */ = {
			isa = XCBuildConfiguration;
			buildSettings = {
				GCC_PRECOMPILE_PREFIX_HEADER = YES;
				GCC_PREFIX_HEADER = "iContractor/iContractor-Prefix.pch";
				INFOPLIST_FILE = "iContractor/iContractor-Info.plist";
				PRODUCT_NAME = "$(TARGET_NAME)";
				WRAPPER_EXTENSION = app;
			};
			name = Debug;
		};
		27F1DC7315E91133003B6087 /* Release */ = {
			isa = XCBuildConfiguration;
			buildSettings = {
				GCC_PRECOMPILE_PREFIX_HEADER = YES;
				GCC_PREFIX_HEADER = "iContractor/iContractor-Prefix.pch";
				INFOPLIST_FILE = "iContractor/iContractor-Info.plist";
				PRODUCT_NAME = "$(TARGET_NAME)";
				WRAPPER_EXTENSION = app;
			};
			name = Release;
		};
/* End XCBuildConfiguration section */

/* Begin XCConfigurationList section */
		27F1DC4715E91132003B6087 /* Build configuration list for PBXProject "iContractor" */ = {
			isa = XCConfigurationList;
			buildConfigurations = (
				27F1DC6F15E91133003B6087 /* Debug */,
				27F1DC7015E91133003B6087 /* Release */,
			);
			defaultConfigurationIsVisible = 0;
			defaultConfigurationName = Release;
		};
		27F1DC7115E91133003B6087 /* Build configuration list for PBXNativeTarget "iContractor" */ = {
			isa = XCConfigurationList;
			buildConfigurations = (
				27F1DC7215E91133003B6087 /* Debug */,
				27F1DC7315E91133003B6087 /* Release */,
			);
			defaultConfigurationIsVisible = 0;
			defaultConfigurationName = Release;
		};
/* End XCConfigurationList section */
	};
	rootObject = 27F1DC4415E91132003B6087 /* Project object */;
}
